
Microsoft Visual Studio Solution File, Format Version 12.00
# Visual Studio Version 17
VisualStudioVersion = 17.10.35027.167
MinimumVisualStudioVersion = 10.0.40219.1
Project("{FAE04EC0-301F-11D3-BF4B-00C04F79EFBC}") = "OnlineShoppingPlatform.Business", "OnlineShoppingPlatform.Business\OnlineShoppingPlatform.Business.csproj", "{3D00DE46-60EE-440A-B36B-762040390965}"
EndProject
Project("{FAE04EC0-301F-11D3-BF4B-00C04F79EFBC}") = "OnlineShoppingPlatform.Data", "OnlineShoppingPlatform.Data\OnlineShoppingPlatform.Data.csproj", "{0C750E44-A7B1-4596-948B-7F7918297968}"
EndProject
Project("{FAE04EC0-301F-11D3-BF4B-00C04F79EFBC}") = "OnlineShoppingPlatform.WebApi", "OnlineShoppingPlatform.WebApi\OnlineShoppingPlatform.WebApi.csproj", "{E708D153-BDD7-4689-97FB-2FBEBF22257D}"
EndProject
Global
	GlobalSection(SolutionConfigurationPlatforms) = preSolution
		Debug|Any CPU = Debug|Any CPU
		Release|Any CPU = Release|Any CPU
	EndGlobalSection
	GlobalSection(ProjectConfigurationPlatforms) = postSolution
		{3D00DE46-60EE-440A-B36B-762040390965}.Debug|Any CPU.ActiveCfg = Debug|Any CPU
		{3D00DE46-60EE-440A-B36B-762040390965}.Debug|Any CPU.Build.0 = Debug|Any CPU
		{3D00DE46-60EE-440A-B36B-762040390965}.Release|Any CPU.ActiveCfg = Release|Any CPU
		{3D00DE46-60EE-440A-B36B-762040390965}.Release|Any CPU.Build.0 = Release|Any CPU
		{0C750E44-A7B1-4596-948B-7F7918297968}.Debug|Any CPU.ActiveCfg = Debug|Any CPU
		{0C750E44-A7B1-4596-948B-7F7918297968}.Debug|Any CPU.Build.0 = Debug|Any CPU
		{0C750E44-A7B1-4596-948B-7F7918297968}.Release|Any CPU.ActiveCfg = Release|Any CPU
		{0C750E44-A7B1-4596-948B-7F7918297968}.Release|Any CPU.Build.0 = Release|Any CPU
		{E708D153-BDD7-4689-97FB-2FBEBF22257D}.Debug|Any CPU.ActiveCfg = Debug|Any CPU
		{E708D153-BDD7-4689-97FB-2FBEBF22257D}.Debug|Any CPU.Build.0 = Debug|Any CPU
		{E708D153-BDD7-4689-97FB-2FBEBF22257D}.Release|Any CPU.ActiveCfg = Release|Any CPU
		{E708D153-BDD7-4689-97FB-2FBEBF22257D}.Release|Any CPU.Build.0 = Release|Any CPU
	EndGlobalSection
	GlobalSection(SolutionProperties) = preSolution
		HideSolutionNode = FALSE
	EndGlobalSection
	GlobalSection(ExtensibilityGlobals) = postSolution
		SolutionGuid = {92425396-66AC-4D97-9DCC-3EC6D6BB9B45}
	EndGlobalSection
EndGlobal
